
Microsoft Visual Studio Solution File, Format Version 12.00
# Visual Studio 15
Project("{FAE04EC0-301F-11D3-BF4B-00C04F79EFBC}") = "Scripts", "Scripts.csproj", "{EC89FE84-BE81-AAD3-F731-A194BF7E2A3D}"
EndProject
Project("{FAE04EC0-301F-11D3-BF4B-00C04F79EFBC}") = "PlayMode", "PlayMode.csproj", "{26B0DFB4-A658-5505-C7D5-819A751FF8B2}"
EndProject
Project("{FAE04EC0-301F-11D3-BF4B-00C04F79EFBC}") = "EditMode", "EditMode.csproj", "{FB2012F5-F003-48AD-B35F-96B2F5F64B67}"
EndProject
Project("{FAE04EC0-301F-11D3-BF4B-00C04F79EFBC}") = "ExampleLibrary", "..\ExampleLibrary\ExampleLibrary.csproj", "{3D50959E-049A-4490-95E9-9AA00C599D08}"
EndProject
Project("{FAE04EC0-301F-11D3-BF4B-00C04F79EFBC}") = "ExampleLibraryTests", "..\ExampleLibraryTests\ExampleLibraryTests.csproj", "{A2ADDCD5-3B71-4D84-B3AD-476E2BADB363}"
EndProject
Global
	GlobalSection(SolutionConfigurationPlatforms) = preSolution
		Debug|Any CPU = Debug|Any CPU
		Release|Any CPU = Release|Any CPU
	EndGlobalSection
	GlobalSection(ProjectConfigurationPlatforms) = postSolution
		{EC89FE84-BE81-AAD3-F731-A194BF7E2A3D}.Debug|Any CPU.ActiveCfg = Debug|Any CPU
		{EC89FE84-BE81-AAD3-F731-A194BF7E2A3D}.Debug|Any CPU.Build.0 = Debug|Any CPU
		{EC89FE84-BE81-AAD3-F731-A194BF7E2A3D}.Release|Any CPU.ActiveCfg = Release|Any CPU
		{EC89FE84-BE81-AAD3-F731-A194BF7E2A3D}.Release|Any CPU.Build.0 = Release|Any CPU
		{26B0DFB4-A658-5505-C7D5-819A751FF8B2}.Debug|Any CPU.ActiveCfg = Debug|Any CPU
		{26B0DFB4-A658-5505-C7D5-819A751FF8B2}.Debug|Any CPU.Build.0 = Debug|Any CPU
		{26B0DFB4-A658-5505-C7D5-819A751FF8B2}.Release|Any CPU.ActiveCfg = Release|Any CPU
		{26B0DFB4-A658-5505-C7D5-819A751FF8B2}.Release|Any CPU.Build.0 = Release|Any CPU
		{FB2012F5-F003-48AD-B35F-96B2F5F64B67}.Debug|Any CPU.ActiveCfg = Debug|Any CPU
		{FB2012F5-F003-48AD-B35F-96B2F5F64B67}.Debug|Any CPU.Build.0 = Debug|Any CPU
		{FB2012F5-F003-48AD-B35F-96B2F5F64B67}.Release|Any CPU.ActiveCfg = Release|Any CPU
		{FB2012F5-F003-48AD-B35F-96B2F5F64B67}.Release|Any CPU.Build.0 = Release|Any CPU
		{3D50959E-049A-4490-95E9-9AA00C599D08}.Debug|Any CPU.ActiveCfg = Debug|Any CPU
		{3D50959E-049A-4490-95E9-9AA00C599D08}.Debug|Any CPU.Build.0 = Debug|Any CPU
		{3D50959E-049A-4490-95E9-9AA00C599D08}.Release|Any CPU.ActiveCfg = Release|Any CPU
		{3D50959E-049A-4490-95E9-9AA00C599D08}.Release|Any CPU.Build.0 = Release|Any CPU
		{A2ADDCD5-3B71-4D84-B3AD-476E2BADB363}.Debug|Any CPU.ActiveCfg = Debug|Any CPU
		{A2ADDCD5-3B71-4D84-B3AD-476E2BADB363}.Debug|Any CPU.Build.0 = Debug|Any CPU
		{A2ADDCD5-3B71-4D84-B3AD-476E2BADB363}.Release|Any CPU.ActiveCfg = Release|Any CPU
		{A2ADDCD5-3B71-4D84-B3AD-476E2BADB363}.Release|Any CPU.Build.0 = Release|Any CPU
	EndGlobalSection
	GlobalSection(SolutionProperties) = preSolution
		HideSolutionNode = FALSE
	EndGlobalSection
EndGlobal
